{
  "name": "slickgridcarousel",
  "version": "1.0.0",
  "lockfileVersion": 1,
  "requires": true,
  "dependencies": {
    "@types/angular": {
      "version": "1.6.43",
      "resolved": "https://registry.npmjs.org/@types/angular/-/angular-1.6.43.tgz",
      "integrity": "sha512-3GrHCRZS62ruJjHMtOx3WYsS0I8i0FRcIqOwqIfWXnlR9g2FebEhUNdMk3LZIvfhZ08xe+S1x2iwP1t9vKCHag==",
      "dev": true
    },
    "@types/angularjs": {
      "version": "1.5.14-alpha",
      "resolved": "https://registry.npmjs.org/@types/angularjs/-/angularjs-1.5.14-alpha.tgz",
      "integrity": "sha1-Kt2AyI4dhK3gfgQpGIQwk7asmAg=",
      "dev": true
    },
    "@types/jquery": {
      "version": "3.3.0",
      "resolved": "https://registry.npmjs.org/@types/jquery/-/jquery-3.3.0.tgz",
      "integrity": "sha512-szaKV2OQgwxYTGTY6qd9eeBfGGCaP7n2OGit4JdbOcfGgc9VWjfhMhnu5AVNhIAu8WWDIB36q9dfPVba1fGeIQ==",
      "dev": true
    },
    "@types/umbraco": {
      "version": "7.2.33",
      "resolved": "https://registry.npmjs.org/@types/umbraco/-/umbraco-7.2.33.tgz",
      "integrity": "sha512-Uq8NS5iWU/w6chJ/hl8Kw5RJPpuOfyL5khYbgt1mVauc6btfLYsQ/BerXooqbMliHyB+VZeL4EpdkgiBgXF2VA==",
      "dev": true,
      "requires": {
        "@types/angular": "1.6.43"
      }
    }
  }
}
